
Microsoft Visual Studio Solution File, Format Version 12.00
# Visual Studio Version 17
VisualStudioVersion = 17.5.002.0
MinimumVisualStudioVersion = 10.0.40219.1
Project("{9A19103F-16F7-4668-BE54-9A1E7A4F7556}") = "jobayer-alam-24-CRUDinCoreMVC", "jobayer-alam-24-CRUDinCoreMVC.csproj", "{A852A346-39F7-4CAC-A64D-B04BB9DD1CBC}"
EndProject
Global
	GlobalSection(SolutionConfigurationPlatforms) = preSolution
		Debug|Any CPU = Debug|Any CPU
		Release|Any CPU = Release|Any CPU
	EndGlobalSection
	GlobalSection(ProjectConfigurationPlatforms) = postSolution
		{A852A346-39F7-4CAC-A64D-B04BB9DD1CBC}.Debug|Any CPU.ActiveCfg = Debug|Any CPU
		{A852A346-39F7-4CAC-A64D-B04BB9DD1CBC}.Debug|Any CPU.Build.0 = Debug|Any CPU
		{A852A346-39F7-4CAC-A64D-B04BB9DD1CBC}.Release|Any CPU.ActiveCfg = Release|Any CPU
		{A852A346-39F7-4CAC-A64D-B04BB9DD1CBC}.Release|Any CPU.Build.0 = Release|Any CPU
	EndGlobalSection
	GlobalSection(SolutionProperties) = preSolution
		HideSolutionNode = FALSE
	EndGlobalSection
	GlobalSection(ExtensibilityGlobals) = postSolution
		SolutionGuid = {519AB3B1-BB38-4C36-8129-E9704CAF6E00}
	EndGlobalSection
EndGlobal
